
Microsoft Visual Studio Solution File, Format Version 12.00
# Visual Studio Version 17
VisualStudioVersion = 17.7.34202.233
MinimumVisualStudioVersion = 10.0.40219.1
Project("{9A19103F-16F7-4668-BE54-9A1E7A4F7556}") = "JJBAWiki", "JJBAWiki\JJBAWiki.csproj", "{E211F633-2180-497B-9CC5-0743C690DDC3}"
EndProject
Project("{FAE04EC0-301F-11D3-BF4B-00C04F79EFBC}") = "ProjectTests", "ProjectTests\ProjectTests.csproj", "{28BC8F5A-BD56-43FF-90D0-34DAFB931AC9}"
EndProject
Global
	GlobalSection(SolutionConfigurationPlatforms) = preSolution
		Debug|Any CPU = Debug|Any CPU
		Release|Any CPU = Release|Any CPU
	EndGlobalSection
	GlobalSection(ProjectConfigurationPlatforms) = postSolution
		{E211F633-2180-497B-9CC5-0743C690DDC3}.Debug|Any CPU.ActiveCfg = Debug|Any CPU
		{E211F633-2180-497B-9CC5-0743C690DDC3}.Debug|Any CPU.Build.0 = Debug|Any CPU
		{E211F633-2180-497B-9CC5-0743C690DDC3}.Release|Any CPU.ActiveCfg = Release|Any CPU
		{E211F633-2180-497B-9CC5-0743C690DDC3}.Release|Any CPU.Build.0 = Release|Any CPU
		{28BC8F5A-BD56-43FF-90D0-34DAFB931AC9}.Debug|Any CPU.ActiveCfg = Debug|Any CPU
		{28BC8F5A-BD56-43FF-90D0-34DAFB931AC9}.Debug|Any CPU.Build.0 = Debug|Any CPU
		{28BC8F5A-BD56-43FF-90D0-34DAFB931AC9}.Release|Any CPU.ActiveCfg = Release|Any CPU
		{28BC8F5A-BD56-43FF-90D0-34DAFB931AC9}.Release|Any CPU.Build.0 = Release|Any CPU
	EndGlobalSection
	GlobalSection(SolutionProperties) = preSolution
		HideSolutionNode = FALSE
	EndGlobalSection
	GlobalSection(ExtensibilityGlobals) = postSolution
		SolutionGuid = {2EB9EB2D-6ED9-4428-A97A-FB3F39278F70}
	EndGlobalSection
EndGlobal
